// !$*UTF8*$!
{
	archiveVersion = 1;
	classes = {
	};
	objectVersion = 56;
	objects = {

/* Begin PBXBuildFile section */
		88C8F1F3295CF6ED00652033 /* AfricaApp.swift in Sources */ = {isa = PBXBuildFile; fileRef = 88C8F1F2295CF6ED00652033 /* AfricaApp.swift */; };
		88C8F1F5295CF6ED00652033 /* ContentView.swift in Sources */ = {isa = PBXBuildFile; fileRef = 88C8F1F4295CF6ED00652033 /* ContentView.swift */; };
		88C8F1F7295CF6EE00652033 /* Assets.xcassets in Resources */ = {isa = PBXBuildFile; fileRef = 88C8F1F6295CF6EE00652033 /* Assets.xcassets */; };
		88C8F1FA295CF6EE00652033 /* Preview Assets.xcassets in Resources */ = {isa = PBXBuildFile; fileRef = 88C8F1F9295CF6EE00652033 /* Preview Assets.xcassets */; };
		88C8F20B295CF77B00652033 /* ostrich.mp4 in Resources */ = {isa = PBXBuildFile; fileRef = 88C8F201295CF77A00652033 /* ostrich.mp4 */; };
		88C8F20C295CF77B00652033 /* lioness.mp4 in Resources */ = {isa = PBXBuildFile; fileRef = 88C8F202295CF77A00652033 /* lioness.mp4 */; };
		88C8F20D295CF77B00652033 /* rhino.mp4 in Resources */ = {isa = PBXBuildFile; fileRef = 88C8F203295CF77A00652033 /* rhino.mp4 */; };
		88C8F20E295CF77B00652033 /* zebra.mp4 in Resources */ = {isa = PBXBuildFile; fileRef = 88C8F204295CF77A00652033 /* zebra.mp4 */; };
		88C8F20F295CF77B00652033 /* cheetah.mp4 in Resources */ = {isa = PBXBuildFile; fileRef = 88C8F205295CF77B00652033 /* cheetah.mp4 */; };
		88C8F210295CF77B00652033 /* giraffe.mp4 in Resources */ = {isa = PBXBuildFile; fileRef = 88C8F206295CF77B00652033 /* giraffe.mp4 */; };
		88C8F211295CF77B00652033 /* hippo.mp4 in Resources */ = {isa = PBXBuildFile; fileRef = 88C8F207295CF77B00652033 /* hippo.mp4 */; };
		88C8F212295CF77B00652033 /* gorilla.mp4 in Resources */ = {isa = PBXBuildFile; fileRef = 88C8F208295CF77B00652033 /* gorilla.mp4 */; };
		88C8F213295CF77B00652033 /* elephant.mp4 in Resources */ = {isa = PBXBuildFile; fileRef = 88C8F209295CF77B00652033 /* elephant.mp4 */; };
		88C8F214295CF77B00652033 /* lion.mp4 in Resources */ = {isa = PBXBuildFile; fileRef = 88C8F20A295CF77B00652033 /* lion.mp4 */; };
		88C8F21C295CF81C00652033 /* animals.json in Resources */ = {isa = PBXBuildFile; fileRef = 88C8F218295CF81B00652033 /* animals.json */; };
		88C8F21D295CF81C00652033 /* covers.json in Resources */ = {isa = PBXBuildFile; fileRef = 88C8F219295CF81C00652033 /* covers.json */; };
		88C8F21E295CF81C00652033 /* locations.json in Resources */ = {isa = PBXBuildFile; fileRef = 88C8F21A295CF81C00652033 /* locations.json */; };
		88C8F21F295CF81C00652033 /* videos.json in Resources */ = {isa = PBXBuildFile; fileRef = 88C8F21B295CF81C00652033 /* videos.json */; };
		88C8F224295CF9B900652033 /* VideoListView.swift in Sources */ = {isa = PBXBuildFile; fileRef = 88C8F223295CF9B900652033 /* VideoListView.swift */; };
		88C8F226295CF9CF00652033 /* MapView.swift in Sources */ = {isa = PBXBuildFile; fileRef = 88C8F225295CF9CF00652033 /* MapView.swift */; };
		88C8F228295CF9DE00652033 /* GalleryView.swift in Sources */ = {isa = PBXBuildFile; fileRef = 88C8F227295CF9DE00652033 /* GalleryView.swift */; };
		88C8F22A295CF9E900652033 /* MainView.swift in Sources */ = {isa = PBXBuildFile; fileRef = 88C8F229295CF9E900652033 /* MainView.swift */; };
		88C8F22C295CFB6000652033 /* CoverImageView.swift in Sources */ = {isa = PBXBuildFile; fileRef = 88C8F22B295CFB6000652033 /* CoverImageView.swift */; };
		88C8F230295CFCAD00652033 /* CoverImageModel.swift in Sources */ = {isa = PBXBuildFile; fileRef = 88C8F22F295CFCAD00652033 /* CoverImageModel.swift */; };
		88C8F233295CFD2800652033 /* CodableBundleExtension.swift in Sources */ = {isa = PBXBuildFile; fileRef = 88C8F232295CFD2800652033 /* CodableBundleExtension.swift */; };
		88C8F235295CFFEC00652033 /* AnimalListItemView.swift in Sources */ = {isa = PBXBuildFile; fileRef = 88C8F234295CFFEC00652033 /* AnimalListItemView.swift */; };
		88C8F237295D00EB00652033 /* AnimalModel.swift in Sources */ = {isa = PBXBuildFile; fileRef = 88C8F236295D00EB00652033 /* AnimalModel.swift */; };
		88C8F239295D02F900652033 /* AnimalDetailView.swift in Sources */ = {isa = PBXBuildFile; fileRef = 88C8F238295D02F900652033 /* AnimalDetailView.swift */; };
		88C8F23B295D04CD00652033 /* HeadingView.swift in Sources */ = {isa = PBXBuildFile; fileRef = 88C8F23A295D04CD00652033 /* HeadingView.swift */; };
		88C8F23D295D05C200652033 /* InsetGalleryView.swift in Sources */ = {isa = PBXBuildFile; fileRef = 88C8F23C295D05C200652033 /* InsetGalleryView.swift */; };
		88C8F23F295D0AE400652033 /* InsetFactView.swift in Sources */ = {isa = PBXBuildFile; fileRef = 88C8F23E295D0AE400652033 /* InsetFactView.swift */; };
		88C8F241295D0C8700652033 /* InsetMapView.swift in Sources */ = {isa = PBXBuildFile; fileRef = 88C8F240295D0C8700652033 /* InsetMapView.swift */; };
		88C8F243295D0F4100652033 /* ExternalWeblinkView.swift in Sources */ = {isa = PBXBuildFile; fileRef = 88C8F242295D0F4100652033 /* ExternalWeblinkView.swift */; };
		88C8F245295EB49E00652033 /* VideoModel.swift in Sources */ = {isa = PBXBuildFile; fileRef = 88C8F244295EB49E00652033 /* VideoModel.swift */; };
		88C8F247295EB4E800652033 /* VideoListItemView.swift in Sources */ = {isa = PBXBuildFile; fileRef = 88C8F246295EB4E800652033 /* VideoListItemView.swift */; };
		88C8F249295EBA7900652033 /* VideoPlayerView.swift in Sources */ = {isa = PBXBuildFile; fileRef = 88C8F248295EBA7900652033 /* VideoPlayerView.swift */; };
		88C8F24C295EBB6900652033 /* VideoPlayerHelper.swift in Sources */ = {isa = PBXBuildFile; fileRef = 88C8F24B295EBB6900652033 /* VideoPlayerHelper.swift */; };
		88C8F24E295EC9FF00652033 /* NationalParkLocationModel.swift in Sources */ = {isa = PBXBuildFile; fileRef = 88C8F24D295EC9FF00652033 /* NationalParkLocationModel.swift */; };
		88CE22A3295ECE970078A6CB /* MapAnnotaionView.swift in Sources */ = {isa = PBXBuildFile; fileRef = 88CE22A2295ECE970078A6CB /* MapAnnotaionView.swift */; };
		88CE22A5295EDB6B0078A6CB /* MotionAnimationView.swift in Sources */ = {isa = PBXBuildFile; fileRef = 88CE22A4295EDB6B0078A6CB /* MotionAnimationView.swift */; };
		88CE22A7295EF3E70078A6CB /* AnimalGridItemView.swift in Sources */ = {isa = PBXBuildFile; fileRef = 88CE22A6295EF3E70078A6CB /* AnimalGridItemView.swift */; };
/* End PBXBuildFile section */

/* Begin PBXFileReference section */
		88C8F1EF295CF6ED00652033 /* Africa.app */ = {isa = PBXFileReference; explicitFileType = wrapper.application; includeInIndex = 0; path = Africa.app; sourceTree = BUILT_PRODUCTS_DIR; };
		88C8F1F2295CF6ED00652033 /* AfricaApp.swift */ = {isa = PBXFileReference; lastKnownFileType = sourcecode.swift; path = AfricaApp.swift; sourceTree = "<group>"; };
		88C8F1F4295CF6ED00652033 /* ContentView.swift */ = {isa = PBXFileReference; lastKnownFileType = sourcecode.swift; path = ContentView.swift; sourceTree = "<group>"; };
		88C8F1F6295CF6EE00652033 /* Assets.xcassets */ = {isa = PBXFileReference; lastKnownFileType = folder.assetcatalog; path = Assets.xcassets; sourceTree = "<group>"; };
		88C8F1F9295CF6EE00652033 /* Preview Assets.xcassets */ = {isa = PBXFileReference; lastKnownFileType = folder.assetcatalog; path = "Preview Assets.xcassets"; sourceTree = "<group>"; };
		88C8F201295CF77A00652033 /* ostrich.mp4 */ = {isa = PBXFileReference; lastKnownFileType = file; path = ostrich.mp4; sourceTree = "<group>"; };
		88C8F202295CF77A00652033 /* lioness.mp4 */ = {isa = PBXFileReference; lastKnownFileType = file; path = lioness.mp4; sourceTree = "<group>"; };
		88C8F203295CF77A00652033 /* rhino.mp4 */ = {isa = PBXFileReference; lastKnownFileType = file; path = rhino.mp4; sourceTree = "<group>"; };
		88C8F204295CF77A00652033 /* zebra.mp4 */ = {isa = PBXFileReference; lastKnownFileType = file; path = zebra.mp4; sourceTree = "<group>"; };
		88C8F205295CF77B00652033 /* cheetah.mp4 */ = {isa = PBXFileReference; lastKnownFileType = file; path = cheetah.mp4; sourceTree = "<group>"; };
		88C8F206295CF77B00652033 /* giraffe.mp4 */ = {isa = PBXFileReference; lastKnownFileType = file; path = giraffe.mp4; sourceTree = "<group>"; };
		88C8F207295CF77B00652033 /* hippo.mp4 */ = {isa = PBXFileReference; lastKnownFileType = file; path = hippo.mp4; sourceTree = "<group>"; };
		88C8F208295CF77B00652033 /* gorilla.mp4 */ = {isa = PBXFileReference; lastKnownFileType = file; path = gorilla.mp4; sourceTree = "<group>"; };
		88C8F209295CF77B00652033 /* elephant.mp4 */ = {isa = PBXFileReference; lastKnownFileType = file; path = elephant.mp4; sourceTree = "<group>"; };
		88C8F20A295CF77B00652033 /* lion.mp4 */ = {isa = PBXFileReference; lastKnownFileType = file; path = lion.mp4; sourceTree = "<group>"; };
		88C8F218295CF81B00652033 /* animals.json */ = {isa = PBXFileReference; fileEncoding = 4; lastKnownFileType = text.json; path = animals.json; sourceTree = "<group>"; };
		88C8F219295CF81C00652033 /* covers.json */ = {isa = PBXFileReference; fileEncoding = 4; lastKnownFileType = text.json; path = covers.json; sourceTree = "<group>"; };
		88C8F21A295CF81C00652033 /* locations.json */ = {isa = PBXFileReference; fileEncoding = 4; lastKnownFileType = text.json; path = locations.json; sourceTree = "<group>"; };
		88C8F21B295CF81C00652033 /* videos.json */ = {isa = PBXFileReference; fileEncoding = 4; lastKnownFileType = text.json; path = videos.json; sourceTree = "<group>"; };
		88C8F220295CF8F900652033 /* Info.plist */ = {isa = PBXFileReference; lastKnownFileType = text.plist; path = Info.plist; sourceTree = "<group>"; };
		88C8F223295CF9B900652033 /* VideoListView.swift */ = {isa = PBXFileReference; lastKnownFileType = sourcecode.swift; path = VideoListView.swift; sourceTree = "<group>"; };
		88C8F225295CF9CF00652033 /* MapView.swift */ = {isa = PBXFileReference; lastKnownFileType = sourcecode.swift; path = MapView.swift; sourceTree = "<group>"; };
		88C8F227295CF9DE00652033 /* GalleryView.swift */ = {isa = PBXFileReference; lastKnownFileType = sourcecode.swift; path = GalleryView.swift; sourceTree = "<group>"; };
		88C8F229295CF9E900652033 /* MainView.swift */ = {isa = PBXFileReference; lastKnownFileType = sourcecode.swift; path = MainView.swift; sourceTree = "<group>"; };
		88C8F22B295CFB6000652033 /* CoverImageView.swift */ = {isa = PBXFileReference; lastKnownFileType = sourcecode.swift; path = CoverImageView.swift; sourceTree = "<group>"; };
		88C8F22F295CFCAD00652033 /* CoverImageModel.swift */ = {isa = PBXFileReference; lastKnownFileType = sourcecode.swift; path = CoverImageModel.swift; sourceTree = "<group>"; };
		88C8F232295CFD2800652033 /* CodableBundleExtension.swift */ = {isa = PBXFileReference; lastKnownFileType = sourcecode.swift; path = CodableBundleExtension.swift; sourceTree = "<group>"; };
		88C8F234295CFFEC00652033 /* AnimalListItemView.swift */ = {isa = PBXFileReference; lastKnownFileType = sourcecode.swift; path = AnimalListItemView.swift; sourceTree = "<group>"; };
		88C8F236295D00EB00652033 /* AnimalModel.swift */ = {isa = PBXFileReference; lastKnownFileType = sourcecode.swift; path = AnimalModel.swift; sourceTree = "<group>"; };
		88C8F238295D02F900652033 /* AnimalDetailView.swift */ = {isa = PBXFileReference; lastKnownFileType = sourcecode.swift; path = AnimalDetailView.swift; sourceTree = "<group>"; };
		88C8F23A295D04CD00652033 /* HeadingView.swift */ = {isa = PBXFileReference; lastKnownFileType = sourcecode.swift; path = HeadingView.swift; sourceTree = "<group>"; };
		88C8F23C295D05C200652033 /* InsetGalleryView.swift */ = {isa = PBXFileReference; lastKnownFileType = sourcecode.swift; path = InsetGalleryView.swift; sourceTree = "<group>"; };
		88C8F23E295D0AE400652033 /* InsetFactView.swift */ = {isa = PBXFileReference; lastKnownFileType = sourcecode.swift; path = InsetFactView.swift; sourceTree = "<group>"; };
		88C8F240295D0C8700652033 /* InsetMapView.swift */ = {isa = PBXFileReference; lastKnownFileType = sourcecode.swift; path = InsetMapView.swift; sourceTree = "<group>"; };
		88C8F242295D0F4100652033 /* ExternalWeblinkView.swift */ = {isa = PBXFileReference; lastKnownFileType = sourcecode.swift; path = ExternalWeblinkView.swift; sourceTree = "<group>"; };
		88C8F244295EB49E00652033 /* VideoModel.swift */ = {isa = PBXFileReference; lastKnownFileType = sourcecode.swift; path = VideoModel.swift; sourceTree = "<group>"; };
		88C8F246295EB4E800652033 /* VideoListItemView.swift */ = {isa = PBXFileReference; lastKnownFileType = sourcecode.swift; path = VideoListItemView.swift; sourceTree = "<group>"; };
		88C8F248295EBA7900652033 /* VideoPlayerView.swift */ = {isa = PBXFileReference; lastKnownFileType = sourcecode.swift; path = VideoPlayerView.swift; sourceTree = "<group>"; };
		88C8F24B295EBB6900652033 /* VideoPlayerHelper.swift */ = {isa = PBXFileReference; lastKnownFileType = sourcecode.swift; path = VideoPlayerHelper.swift; sourceTree = "<group>"; };
		88C8F24D295EC9FF00652033 /* NationalParkLocationModel.swift */ = {isa = PBXFileReference; lastKnownFileType = sourcecode.swift; path = NationalParkLocationModel.swift; sourceTree = "<group>"; };
		88CE22A2295ECE970078A6CB /* MapAnnotaionView.swift */ = {isa = PBXFileReference; lastKnownFileType = sourcecode.swift; path = MapAnnotaionView.swift; sourceTree = "<group>"; };
		88CE22A4295EDB6B0078A6CB /* MotionAnimationView.swift */ = {isa = PBXFileReference; lastKnownFileType = sourcecode.swift; path = MotionAnimationView.swift; sourceTree = "<group>"; };
		88CE22A6295EF3E70078A6CB /* AnimalGridItemView.swift */ = {isa = PBXFileReference; lastKnownFileType = sourcecode.swift; path = AnimalGridItemView.swift; sourceTree = "<group>"; };
/* End PBXFileReference section */

/* Begin PBXFrameworksBuildPhase section */
		88C8F1EC295CF6ED00652033 /* Frameworks */ = {
			isa = PBXFrameworksBuildPhase;
			buildActionMask = 2147483647;
			files = (
			);
			runOnlyForDeploymentPostprocessing = 0;
		};
/* End PBXFrameworksBuildPhase section */

/* Begin PBXGroup section */
		88C8F1E6295CF6ED00652033 = {
			isa = PBXGroup;
			children = (
				88C8F1F1295CF6ED00652033 /* Africa */,
				88C8F1F0295CF6ED00652033 /* Products */,
			);
			sourceTree = "<group>";
		};
		88C8F1F0295CF6ED00652033 /* Products */ = {
			isa = PBXGroup;
			children = (
				88C8F1EF295CF6ED00652033 /* Africa.app */,
			);
			name = Products;
			sourceTree = "<group>";
		};
		88C8F1F1295CF6ED00652033 /* Africa */ = {
			isa = PBXGroup;
			children = (
				88C8F24A295EBB4400652033 /* Utillity */,
				88C8F231295CFD1400652033 /* Extension */,
				88C8F222295CF99200652033 /* View */,
				88C8F221295CF98500652033 /* App */,
				88C8F217295CF80F00652033 /* Data */,
				88C8F22E295CFC8700652033 /* Model */,
				88C8F200295CF76700652033 /* Video */,
				88C8F1F6295CF6EE00652033 /* Assets.xcassets */,
				88C8F220295CF8F900652033 /* Info.plist */,
				88C8F1F8295CF6EE00652033 /* Preview Content */,
			);
			path = Africa;
			sourceTree = "<group>";
		};
		88C8F1F8295CF6EE00652033 /* Preview Content */ = {
			isa = PBXGroup;
			children = (
				88C8F1F9295CF6EE00652033 /* Preview Assets.xcassets */,
			);
			path = "Preview Content";
			sourceTree = "<group>";
		};
		88C8F200295CF76700652033 /* Video */ = {
			isa = PBXGroup;
			children = (
				88C8F205295CF77B00652033 /* cheetah.mp4 */,
				88C8F209295CF77B00652033 /* elephant.mp4 */,
				88C8F206295CF77B00652033 /* giraffe.mp4 */,
				88C8F208295CF77B00652033 /* gorilla.mp4 */,
				88C8F207295CF77B00652033 /* hippo.mp4 */,
				88C8F20A295CF77B00652033 /* lion.mp4 */,
				88C8F202295CF77A00652033 /* lioness.mp4 */,
				88C8F201295CF77A00652033 /* ostrich.mp4 */,
				88C8F203295CF77A00652033 /* rhino.mp4 */,
				88C8F204295CF77A00652033 /* zebra.mp4 */,
			);
			path = Video;
			sourceTree = "<group>";
		};
		88C8F217295CF80F00652033 /* Data */ = {
			isa = PBXGroup;
			children = (
				88C8F218295CF81B00652033 /* animals.json */,
				88C8F219295CF81C00652033 /* covers.json */,
				88C8F21A295CF81C00652033 /* locations.json */,
				88C8F21B295CF81C00652033 /* videos.json */,
			);
			path = Data;
			sourceTree = "<group>";
		};
		88C8F221295CF98500652033 /* App */ = {
			isa = PBXGroup;
			children = (
				88C8F1F2295CF6ED00652033 /* AfricaApp.swift */,
				88C8F1F4295CF6ED00652033 /* ContentView.swift */,
				88C8F223295CF9B900652033 /* VideoListView.swift */,
				88C8F225295CF9CF00652033 /* MapView.swift */,
				88C8F227295CF9DE00652033 /* GalleryView.swift */,
				88C8F229295CF9E900652033 /* MainView.swift */,
			);
			path = App;
			sourceTree = "<group>";
		};
		88C8F222295CF99200652033 /* View */ = {
			isa = PBXGroup;
			children = (
				88C8F22B295CFB6000652033 /* CoverImageView.swift */,
				88C8F234295CFFEC00652033 /* AnimalListItemView.swift */,
				88C8F238295D02F900652033 /* AnimalDetailView.swift */,
				88C8F23A295D04CD00652033 /* HeadingView.swift */,
				88CE22A2295ECE970078A6CB /* MapAnnotaionView.swift */,
				88C8F23C295D05C200652033 /* InsetGalleryView.swift */,
				88CE22A6295EF3E70078A6CB /* AnimalGridItemView.swift */,
				88C8F23E295D0AE400652033 /* InsetFactView.swift */,
				88C8F240295D0C8700652033 /* InsetMapView.swift */,
				88C8F242295D0F4100652033 /* ExternalWeblinkView.swift */,
				88C8F246295EB4E800652033 /* VideoListItemView.swift */,
				88C8F248295EBA7900652033 /* VideoPlayerView.swift */,
				88CE22A4295EDB6B0078A6CB /* MotionAnimationView.swift */,
			);
			path = View;
			sourceTree = "<group>";
		};
		88C8F22E295CFC8700652033 /* Model */ = {
			isa = PBXGroup;
			children = (
				88C8F22F295CFCAD00652033 /* CoverImageModel.swift */,
				88C8F236295D00EB00652033 /* AnimalModel.swift */,
				88C8F244295EB49E00652033 /* VideoModel.swift */,
				88C8F24D295EC9FF00652033 /* NationalParkLocationModel.swift */,
			);
			path = Model;
			sourceTree = "<group>";
		};
		88C8F231295CFD1400652033 /* Extension */ = {
			isa = PBXGroup;
			children = (
				88C8F232295CFD2800652033 /* CodableBundleExtension.swift */,
			);
			path = Extension;
			sourceTree = "<group>";
		};
		88C8F24A295EBB4400652033 /* Utillity */ = {
			isa = PBXGroup;
			children = (
				88C8F24B295EBB6900652033 /* VideoPlayerHelper.swift */,
			);
			path = Utillity;
			sourceTree = "<group>";
		};
/* End PBXGroup section */

/* Begin PBXNativeTarget section */
		88C8F1EE295CF6ED00652033 /* Africa */ = {
			isa = PBXNativeTarget;
			buildConfigurationList = 88C8F1FD295CF6EE00652033 /* Build configuration list for PBXNativeTarget "Africa" */;
			buildPhases = (
				88C8F1EB295CF6ED00652033 /* Sources */,
				88C8F1EC295CF6ED00652033 /* Frameworks */,
				88C8F1ED295CF6ED00652033 /* Resources */,
			);
			buildRules = (
			);
			dependencies = (
			);
			name = Africa;
			productName = Africa;
			productReference = 88C8F1EF295CF6ED00652033 /* Africa.app */;
			productType = "com.apple.product-type.application";
		};
/* End PBXNativeTarget section */

/* Begin PBXProject section */
		88C8F1E7295CF6ED00652033 /* Project object */ = {
			isa = PBXProject;
			attributes = {
				BuildIndependentTargetsInParallel = 1;
				LastSwiftUpdateCheck = 1410;
				LastUpgradeCheck = 1410;
				TargetAttributes = {
					88C8F1EE295CF6ED00652033 = {
						CreatedOnToolsVersion = 14.1;
					};
				};
			};
			buildConfigurationList = 88C8F1EA295CF6ED00652033 /* Build configuration list for PBXProject "Africa" */;
			compatibilityVersion = "Xcode 14.0";
			developmentRegion = en;
			hasScannedForEncodings = 0;
			knownRegions = (
				en,
				Base,
			);
			mainGroup = 88C8F1E6295CF6ED00652033;
			productRefGroup = 88C8F1F0295CF6ED00652033 /* Products */;
			projectDirPath = "";
			projectRoot = "";
			targets = (
				88C8F1EE295CF6ED00652033 /* Africa */,
			);
		};
/* End PBXProject section */

/* Begin PBXResourcesBuildPhase section */
		88C8F1ED295CF6ED00652033 /* Resources */ = {
			isa = PBXResourcesBuildPhase;
			buildActionMask = 2147483647;
			files = (
				88C8F20B295CF77B00652033 /* ostrich.mp4 in Resources */,
				88C8F214295CF77B00652033 /* lion.mp4 in Resources */,
				88C8F211295CF77B00652033 /* hippo.mp4 in Resources */,
				88C8F212295CF77B00652033 /* gorilla.mp4 in Resources */,
				88C8F1FA295CF6EE00652033 /* Preview Assets.xcassets in Resources */,
				88C8F1F7295CF6EE00652033 /* Assets.xcassets in Resources */,
				88C8F20D295CF77B00652033 /* rhino.mp4 in Resources */,
				88C8F21E295CF81C00652033 /* locations.json in Resources */,
				88C8F21D295CF81C00652033 /* covers.json in Resources */,
				88C8F21C295CF81C00652033 /* animals.json in Resources */,
				88C8F20E295CF77B00652033 /* zebra.mp4 in Resources */,
				88C8F20C295CF77B00652033 /* lioness.mp4 in Resources */,
				88C8F210295CF77B00652033 /* giraffe.mp4 in Resources */,
				88C8F21F295CF81C00652033 /* videos.json in Resources */,
				88C8F20F295CF77B00652033 /* cheetah.mp4 in Resources */,
				88C8F213295CF77B00652033 /* elephant.mp4 in Resources */,
			);
			runOnlyForDeploymentPostprocessing = 0;
		};
/* End PBXResourcesBuildPhase section */

/* Begin PBXSourcesBuildPhase section */
		88C8F1EB295CF6ED00652033 /* Sources */ = {
			isa = PBXSourcesBuildPhase;
			buildActionMask = 2147483647;
			files = (
				88C8F243295D0F4100652033 /* ExternalWeblinkView.swift in Sources */,
				88C8F1F5295CF6ED00652033 /* ContentView.swift in Sources */,
				88C8F235295CFFEC00652033 /* AnimalListItemView.swift in Sources */,
				88C8F22A295CF9E900652033 /* MainView.swift in Sources */,
				88C8F23F295D0AE400652033 /* InsetFactView.swift in Sources */,
				88C8F22C295CFB6000652033 /* CoverImageView.swift in Sources */,
				88C8F230295CFCAD00652033 /* CoverImageModel.swift in Sources */,
				88C8F239295D02F900652033 /* AnimalDetailView.swift in Sources */,
				88C8F237295D00EB00652033 /* AnimalModel.swift in Sources */,
				88C8F226295CF9CF00652033 /* MapView.swift in Sources */,
				88C8F24C295EBB6900652033 /* VideoPlayerHelper.swift in Sources */,
				88C8F241295D0C8700652033 /* InsetMapView.swift in Sources */,
				88C8F1F3295CF6ED00652033 /* AfricaApp.swift in Sources */,
				88C8F224295CF9B900652033 /* VideoListView.swift in Sources */,
				88C8F245295EB49E00652033 /* VideoModel.swift in Sources */,
				88C8F228295CF9DE00652033 /* GalleryView.swift in Sources */,
				88C8F24E295EC9FF00652033 /* NationalParkLocationModel.swift in Sources */,
				88C8F23D295D05C200652033 /* InsetGalleryView.swift in Sources */,
				88CE22A7295EF3E70078A6CB /* AnimalGridItemView.swift in Sources */,
				88C8F249295EBA7900652033 /* VideoPlayerView.swift in Sources */,
				88C8F247295EB4E800652033 /* VideoListItemView.swift in Sources */,
				88C8F233295CFD2800652033 /* CodableBundleExtension.swift in Sources */,
				88CE22A5295EDB6B0078A6CB /* MotionAnimationView.swift in Sources */,
				88CE22A3295ECE970078A6CB /* MapAnnotaionView.swift in Sources */,
				88C8F23B295D04CD00652033 /* HeadingView.swift in Sources */,
			);
			runOnlyForDeploymentPostprocessing = 0;
		};
/* End PBXSourcesBuildPhase section */

/* Begin XCBuildConfiguration section */
		88C8F1FB295CF6EE00652033 /* Debug */ = {
			isa = XCBuildConfiguration;
			buildSettings = {
				ALWAYS_SEARCH_USER_PATHS = NO;
				CLANG_ANALYZER_NONNULL = YES;
				CLANG_ANALYZER_NUMBER_OBJECT_CONVERSION = YES_AGGRESSIVE;
				CLANG_CXX_LANGUAGE_STANDARD = "gnu++20";
				CLANG_ENABLE_MODULES = YES;
				CLANG_ENABLE_OBJC_ARC = YES;
				CLANG_ENABLE_OBJC_WEAK = YES;
				CLANG_WARN_BLOCK_CAPTURE_AUTORELEASING = YES;
				CLANG_WARN_BOOL_CONVERSION = YES;
				CLANG_WARN_COMMA = YES;
				CLANG_WARN_CONSTANT_CONVERSION = YES;
				CLANG_WARN_DEPRECATED_OBJC_IMPLEMENTATIONS = YES;
				CLANG_WARN_DIRECT_OBJC_ISA_USAGE = YES_ERROR;
				CLANG_WARN_DOCUMENTATION_COMMENTS = YES;
				CLANG_WARN_EMPTY_BODY = YES;
				CLANG_WARN_ENUM_CONVERSION = YES;
				CLANG_WARN_INFINITE_RECURSION = YES;
				CLANG_WARN_INT_CONVERSION = YES;
				CLANG_WARN_NON_LITERAL_NULL_CONVERSION = YES;
				CLANG_WARN_OBJC_IMPLICIT_RETAIN_SELF = YES;
				CLANG_WARN_OBJC_LITERAL_CONVERSION = YES;
				CLANG_WARN_OBJC_ROOT_CLASS = YES_ERROR;
				CLANG_WARN_QUOTED_INCLUDE_IN_FRAMEWORK_HEADER = YES;
				CLANG_WARN_RANGE_LOOP_ANALYSIS = YES;
				CLANG_WARN_STRICT_PROTOTYPES = YES;
				CLANG_WARN_SUSPICIOUS_MOVE = YES;
				CLANG_WARN_UNGUARDED_AVAILABILITY = YES_AGGRESSIVE;
				CLANG_WARN_UNREACHABLE_CODE = YES;
				CLANG_WARN__DUPLICATE_METHOD_MATCH = YES;
				COPY_PHASE_STRIP = NO;
				DEBUG_INFORMATION_FORMAT = dwarf;
				ENABLE_STRICT_OBJC_MSGSEND = YES;
				ENABLE_TESTABILITY = YES;
				GCC_C_LANGUAGE_STANDARD = gnu11;
				GCC_DYNAMIC_NO_PIC = NO;
				GCC_NO_COMMON_BLOCKS = YES;
				GCC_OPTIMIZATION_LEVEL = 0;
				GCC_PREPROCESSOR_DEFINITIONS = (
					"DEBUG=1",
					"$(inherited)",
				);
				GCC_WARN_64_TO_32_BIT_CONVERSION = YES;
				GCC_WARN_ABOUT_RETURN_TYPE = YES_ERROR;
				GCC_WARN_UNDECLARED_SELECTOR = YES;
				GCC_WARN_UNINITIALIZED_AUTOS = YES_AGGRESSIVE;
				GCC_WARN_UNUSED_FUNCTION = YES;
				GCC_WARN_UNUSED_VARIABLE = YES;
				IPHONEOS_DEPLOYMENT_TARGET = 16.1;
				MTL_ENABLE_DEBUG_INFO = INCLUDE_SOURCE;
				MTL_FAST_MATH = YES;
				ONLY_ACTIVE_ARCH = YES;
				SDKROOT = iphoneos;
				SWIFT_ACTIVE_COMPILATION_CONDITIONS = DEBUG;
				SWIFT_OPTIMIZATION_LEVEL = "-Onone";
			};
			name = Debug;
		};
		88C8F1FC295CF6EE00652033 /* Release */ = {
			isa = XCBuildConfiguration;
			buildSettings = {
				ALWAYS_SEARCH_USER_PATHS = NO;
				CLANG_ANALYZER_NONNULL = YES;
				CLANG_ANALYZER_NUMBER_OBJECT_CONVERSION = YES_AGGRESSIVE;
				CLANG_CXX_LANGUAGE_STANDARD = "gnu++20";
				CLANG_ENABLE_MODULES = YES;
				CLANG_ENABLE_OBJC_ARC = YES;
				CLANG_ENABLE_OBJC_WEAK = YES;
				CLANG_WARN_BLOCK_CAPTURE_AUTORELEASING = YES;
				CLANG_WARN_BOOL_CONVERSION = YES;
				CLANG_WARN_COMMA = YES;
				CLANG_WARN_CONSTANT_CONVERSION = YES;
				CLANG_WARN_DEPRECATED_OBJC_IMPLEMENTATIONS = YES;
				CLANG_WARN_DIRECT_OBJC_ISA_USAGE = YES_ERROR;
				CLANG_WARN_DOCUMENTATION_COMMENTS = YES;
				CLANG_WARN_EMPTY_BODY = YES;
				CLANG_WARN_ENUM_CONVERSION = YES;
				CLANG_WARN_INFINITE_RECURSION = YES;
				CLANG_WARN_INT_CONVERSION = YES;
				CLANG_WARN_NON_LITERAL_NULL_CONVERSION = YES;
				CLANG_WARN_OBJC_IMPLICIT_RETAIN_SELF = YES;
				CLANG_WARN_OBJC_LITERAL_CONVERSION = YES;
				CLANG_WARN_OBJC_ROOT_CLASS = YES_ERROR;
				CLANG_WARN_QUOTED_INCLUDE_IN_FRAMEWORK_HEADER = YES;
				CLANG_WARN_RANGE_LOOP_ANALYSIS = YES;
				CLANG_WARN_STRICT_PROTOTYPES = YES;
				CLANG_WARN_SUSPICIOUS_MOVE = YES;
				CLANG_WARN_UNGUARDED_AVAILABILITY = YES_AGGRESSIVE;
				CLANG_WARN_UNREACHABLE_CODE = YES;
				CLANG_WARN__DUPLICATE_METHOD_MATCH = YES;
				COPY_PHASE_STRIP = NO;
				DEBUG_INFORMATION_FORMAT = "dwarf-with-dsym";
				ENABLE_NS_ASSERTIONS = NO;
				ENABLE_STRICT_OBJC_MSGSEND = YES;
				GCC_C_LANGUAGE_STANDARD = gnu11;
				GCC_NO_COMMON_BLOCKS = YES;
				GCC_WARN_64_TO_32_BIT_CONVERSION = YES;
				GCC_WARN_ABOUT_RETURN_TYPE = YES_ERROR;
				GCC_WARN_UNDECLARED_SELECTOR = YES;
				GCC_WARN_UNINITIALIZED_AUTOS = YES_AGGRESSIVE;
				GCC_WARN_UNUSED_FUNCTION = YES;
				GCC_WARN_UNUSED_VARIABLE = YES;
				IPHONEOS_DEPLOYMENT_TARGET = 16.1;
				MTL_ENABLE_DEBUG_INFO = NO;
				MTL_FAST_MATH = YES;
				SDKROOT = iphoneos;
				SWIFT_COMPILATION_MODE = wholemodule;
				SWIFT_OPTIMIZATION_LEVEL = "-O";
				VALIDATE_PRODUCT = YES;
			};
			name = Release;
		};
		88C8F1FE295CF6EE00652033 /* Debug */ = {
			isa = XCBuildConfiguration;
			buildSettings = {
				ASSETCATALOG_COMPILER_APPICON_NAME = AppIcon;
				ASSETCATALOG_COMPILER_GLOBAL_ACCENT_COLOR_NAME = AccentColor;
				CODE_SIGN_STYLE = Automatic;
				CURRENT_PROJECT_VERSION = 1;
				DEVELOPMENT_ASSET_PATHS = "\"Africa/Preview Content\"";
				DEVELOPMENT_TEAM = CH36BYYATY;
				ENABLE_PREVIEWS = YES;
				GENERATE_INFOPLIST_FILE = YES;
				INFOPLIST_FILE = Africa/Info.plist;
				INFOPLIST_KEY_UIApplicationSceneManifest_Generation = YES;
				INFOPLIST_KEY_UIApplicationSupportsIndirectInputEvents = YES;
				INFOPLIST_KEY_UISupportedInterfaceOrientations = UIInterfaceOrientationPortrait;
				INFOPLIST_KEY_UISupportedInterfaceOrientations_iPad = "UIInterfaceOrientationLandscapeLeft UIInterfaceOrientationLandscapeRight UIInterfaceOrientationPortrait UIInterfaceOrientationPortraitUpsideDown";
				INFOPLIST_KEY_UIUserInterfaceStyle = Dark;
				LD_RUNPATH_SEARCH_PATHS = (
					"$(inherited)",
					"@executable_path/Frameworks",
				);
				MARKETING_VERSION = 1.0;
				PRODUCT_BUNDLE_IDENTIFIER = com.ryuyeon.Africa;
				PRODUCT_NAME = "$(TARGET_NAME)";
				SWIFT_EMIT_LOC_STRINGS = YES;
				SWIFT_VERSION = 5.0;
				TARGETED_DEVICE_FAMILY = "1,2";
			};
			name = Debug;
		};
		88C8F1FF295CF6EE00652033 /* Release */ = {
			isa = XCBuildConfiguration;
			buildSettings = {
				ASSETCATALOG_COMPILER_APPICON_NAME = AppIcon;
				ASSETCATALOG_COMPILER_GLOBAL_ACCENT_COLOR_NAME = AccentColor;
				CODE_SIGN_STYLE = Automatic;
				CURRENT_PROJECT_VERSION = 1;
				DEVELOPMENT_ASSET_PATHS = "\"Africa/Preview Content\"";
				DEVELOPMENT_TEAM = CH36BYYATY;
				ENABLE_PREVIEWS = YES;
				GENERATE_INFOPLIST_FILE = YES;
				INFOPLIST_FILE = Africa/Info.plist;
				INFOPLIST_KEY_UIApplicationSceneManifest_Generation = YES;
				INFOPLIST_KEY_UIApplicationSupportsIndirectInputEvents = YES;
				INFOPLIST_KEY_UISupportedInterfaceOrientations = UIInterfaceOrientationPortrait;
				INFOPLIST_KEY_UISupportedInterfaceOrientations_iPad = "UIInterfaceOrientationLandscapeLeft UIInterfaceOrientationLandscapeRight UIInterfaceOrientationPortrait UIInterfaceOrientationPortraitUpsideDown";
				INFOPLIST_KEY_UIUserInterfaceStyle = Dark;
				LD_RUNPATH_SEARCH_PATHS = (
					"$(inherited)",
					"@executable_path/Frameworks",
				);
				MARKETING_VERSION = 1.0;
				PRODUCT_BUNDLE_IDENTIFIER = com.ryuyeon.Africa;
				PRODUCT_NAME = "$(TARGET_NAME)";
				SWIFT_EMIT_LOC_STRINGS = YES;
				SWIFT_VERSION = 5.0;
				TARGETED_DEVICE_FAMILY = "1,2";
			};
			name = Release;
		};
/* End XCBuildConfiguration section */

/* Begin XCConfigurationList section */
		88C8F1EA295CF6ED00652033 /* Build configuration list for PBXProject "Africa" */ = {
			isa = XCConfigurationList;
			buildConfigurations = (
				88C8F1FB295CF6EE00652033 /* Debug */,
				88C8F1FC295CF6EE00652033 /* Release */,
			);
			defaultConfigurationIsVisible = 0;
			defaultConfigurationName = Release;
		};
		88C8F1FD295CF6EE00652033 /* Build configuration list for PBXNativeTarget "Africa" */ = {
			isa = XCConfigurationList;
			buildConfigurations = (
				88C8F1FE295CF6EE00652033 /* Debug */,
				88C8F1FF295CF6EE00652033 /* Release */,
			);
			defaultConfigurationIsVisible = 0;
			defaultConfigurationName = Release;
		};
/* End XCConfigurationList section */
	};
	rootObject = 88C8F1E7295CF6ED00652033 /* Project object */;
}
